
Microsoft Visual Studio Solution File, Format Version 12.00
# Visual Studio 2013
Project("{FAE04EC0-301F-11D3-BF4B-00C04F79EFBC}") = "UnityVS.MusicShooter.CSharp", "UnityVS.MusicShooter.CSharp.csproj", "{91811139-8B22-943A-C186-E80AAC79FE08}"
EndProject
Project("{FAE04EC0-301F-11D3-BF4B-00C04F79EFBC}") = "UnityVS.MusicShooter.CSharp.Plugins", "UnityVS.MusicShooter.CSharp.Plugins.csproj", "{91906378-FC9A-738A-0784-D77B2D464957}"
EndProject
Global
	GlobalSection(SolutionConfigurationPlatforms) = preSolution
		Debug|Any CPU = Debug|Any CPU
		Release|Any CPU = Release|Any CPU
	EndGlobalSection
	GlobalSection(ProjectConfigurationPlatforms) = postSolution
		{91811139-8B22-943A-C186-E80AAC79FE08}.Debug|Any CPU.ActiveCfg = Debug|Any CPU
		{91811139-8B22-943A-C186-E80AAC79FE08}.Debug|Any CPU.Build.0 = Debug|Any CPU
		{91811139-8B22-943A-C186-E80AAC79FE08}.Release|Any CPU.ActiveCfg = Release|Any CPU
		{91811139-8B22-943A-C186-E80AAC79FE08}.Release|Any CPU.Build.0 = Release|Any CPU
		{91906378-FC9A-738A-0784-D77B2D464957}.Debug|Any CPU.ActiveCfg = Debug|Any CPU
		{91906378-FC9A-738A-0784-D77B2D464957}.Debug|Any CPU.Build.0 = Debug|Any CPU
		{91906378-FC9A-738A-0784-D77B2D464957}.Release|Any CPU.ActiveCfg = Release|Any CPU
		{91906378-FC9A-738A-0784-D77B2D464957}.Release|Any CPU.Build.0 = Release|Any CPU
	EndGlobalSection
	GlobalSection(SolutionProperties) = preSolution
		HideSolutionNode = FALSE
	EndGlobalSection
EndGlobal
